<?xml version="1.0" encoding="utf-8"?>
<Project ToolsVersion="4.0" xmlns="http://schemas.microsoft.com/developer/msbuild/2003">
  <ItemGroup>
    <Filter Include="src">
      <UniqueIdentifier>{9d3a0a1a-0000-4000-8000-000000000001}</UniqueIdentifier>
    </Filter>
    <Filter Include="Framework">
      <UniqueIdentifier>{9d3a0a1a-0000-4000-8000-000000000002}</UniqueIdentifier>
    </Filter>
    <Filter Include="GameObject">
      <UniqueIdentifier>{9d3a0a1a-0000-4000-8000-000000000003}</UniqueIdentifier>
    </Filter>
    <Filter Include="Components">
      <UniqueIdentifier>{9d3a0a1a-0000-4000-8000-000000000004}</UniqueIdentifier>
    </Filter>
  </ItemGroup>

  <ItemGroup>
    <ClCompile Include="src\main.cpp">
      <Filter>src</Filter>
    </ClCompile>
    <ClCompile Include="src\Framework\Framework.cpp">
      <Filter>Framework</Filter>
    </ClCompile>
    <ClCompile Include="src\Framework\Window.cpp">
      <Filter>Framework</Filter>
    </ClCompile>
    <ClCompile Include="src\Framework\D3DRenderer.cpp">
      <Filter>Framework</Filter>
    </ClCompile>
    <ClCompile Include="src\Framework\Time.cpp">
      <Filter>Framework</Filter>
    </ClCompile>
    <ClCompile Include="src\Framework\InputManager.cpp">
      <Filter>Framework</Filter>
    </ClCompile>
    <ClCompile Include="src\GameObject\GameObject.cpp">
      <Filter>GameObject</Filter>
    </ClCompile>
    <ClCompile Include="src\GameObject\Transform.cpp">
      <Filter>GameObject</Filter>
    </ClCompile>
    <ClCompile Include="src\GameObject\Scene.cpp">
      <Filter>GameObject</Filter>
    </ClCompile>
    <ClCompile Include="src\Components\DemoInputComponent.cpp">
      <Filter>Components</Filter>
    </ClCompile>
  </ItemGroup>

  <ItemGroup>
    <ClInclude Include="src\Framework\Framework.h">
      <Filter>Framework</Filter>
    </ClInclude>
    <ClInclude Include="src\Framework\Window.h">
      <Filter>Framework</Filter>
    </ClInclude>
    <ClInclude Include="src\Framework\D3DRenderer.h">
      <Filter>Framework</Filter>
    </ClInclude>
    <ClInclude Include="src\Framework\Time.h">
      <Filter>Framework</Filter>
    </ClInclude>
    <ClInclude Include="src\Framework\InputManager.h">
      <Filter>Framework</Filter>
    </ClInclude>
    <ClInclude Include="src\GameObject\GameObject.h">
      <Filter>GameObject</Filter>
    </ClInclude>
    <ClInclude Include="src\GameObject\Component.h">
      <Filter>GameObject</Filter>
    </ClInclude>
    <ClInclude Include="src\GameObject\Transform.h">
      <Filter>GameObject</Filter>
    </ClInclude>
    <ClInclude Include="src\GameObject\Scene.h">
      <Filter>GameObject</Filter>
    </ClInclude>
    <ClInclude Include="src\Components\DemoInputComponent.h">
      <Filter>Components</Filter>
    </ClInclude>
  </ItemGroup>
</Project>
